
Microsoft Visual Studio Solution File, Format Version 12.00
# Visual Studio 15
VisualStudioVersion = 15.0.27428.2015
MinimumVisualStudioVersion = 10.0.40219.1
Project("{8BC9CEB8-8B4A-11D0-8D11-00A0C91BC942}") = "Atividade_1", "Atividade_1\Atividade_1.vcxproj", "{B8D7E7B9-2EFC-46F4-A64B-36AD131280A6}"
EndProject
Project("{8BC9CEB8-8B4A-11D0-8D11-00A0C91BC942}") = "teste", "teste\teste.vcxproj", "{A62AB043-4265-4BD1-A9C5-792C741CA83A}"
EndProject
Project("{8BC9CEB8-8B4A-11D0-8D11-00A0C91BC942}") = "Atividade_2", "Atividade_2\Atividade_2.vcxproj", "{8F267B62-D343-4F8C-88FF-6855472849D6}"
EndProject
Project("{8BC9CEB8-8B4A-11D0-8D11-00A0C91BC942}") = "Atividade_3", "Atividade_3\Atividade_3.vcxproj", "{5CBE2C45-3574-4798-82EC-F4F577B58500}"
EndProject
Project("{8BC9CEB8-8B4A-11D0-8D11-00A0C91BC942}") = "Atividade_4", "Atividade_4\Atividade_4.vcxproj", "{D9572D9A-1316-4A97-A2D1-84D8294A57A8}"
EndProject
Project("{8BC9CEB8-8B4A-11D0-8D11-00A0C91BC942}") = "Atividade_5", "Atividade_5\Atividade_5.vcxproj", "{A1928F69-FD39-4A22-92B4-3D5B740D1677}"
EndProject
Project("{8BC9CEB8-8B4A-11D0-8D11-00A0C91BC942}") = "Atividade_7", "Atividade_7\Atividade_7.vcxproj", "{3CDE3957-EFD6-4E8E-A76C-363D586E38C1}"
EndProject
Project("{8BC9CEB8-8B4A-11D0-8D11-00A0C91BC942}") = "Atividade_8", "Atividade_8\Atividade_8.vcxproj", "{39E16649-D86E-4682-9673-46F37B648F40}"
EndProject
Project("{8BC9CEB8-8B4A-11D0-8D11-00A0C91BC942}") = "Atividade_6", "Atividade_6\Atividade_6.vcxproj", "{390F4535-6B46-4FAE-9B11-B44D57328D47}"
EndProject
Project("{8BC9CEB8-8B4A-11D0-8D11-00A0C91BC942}") = "Atividade_9", "Atividade_9\Atividade_9.vcxproj", "{939F9E39-4F8A-4E0E-A2B4-4823FD84B0B2}"
EndProject
Project("{8BC9CEB8-8B4A-11D0-8D11-00A0C91BC942}") = "Atividade_10", "Atividade_10\Atividade_10.vcxproj", "{FEF067FE-F8AA-48F1-96BD-424F9172C2D1}"
EndProject
Project("{8BC9CEB8-8B4A-11D0-8D11-00A0C91BC942}") = "Atividade_11", "Atividade_11\Atividade_11.vcxproj", "{ED02845A-19B8-427B-B074-A578AEF07353}"
EndProject
Project("{8BC9CEB8-8B4A-11D0-8D11-00A0C91BC942}") = "Atividade_12", "Atividade_12\Atividade_12.vcxproj", "{E2C6D38C-6BAF-4553-9DEB-37D34EA8374F}"
EndProject
Project("{8BC9CEB8-8B4A-11D0-8D11-00A0C91BC942}") = "Atividade_13", "Atividade_13\Atividade_13.vcxproj", "{28B7A76E-2FD1-4E97-8173-296C33D98B0A}"
EndProject
Project("{8BC9CEB8-8B4A-11D0-8D11-00A0C91BC942}") = "Project1", "Project1\Project1.vcxproj", "{AAD44FB9-3921-4D64-9E84-1007D1EFC9F0}"
EndProject
Project("{8BC9CEB8-8B4A-11D0-8D11-00A0C91BC942}") = "Atividade_14", "Atividade_14\Atividade_14.vcxproj", "{2501E686-D661-4E99-A826-7720F4322EBC}"
EndProject
Global
	GlobalSection(SolutionConfigurationPlatforms) = preSolution
		Debug|x64 = Debug|x64
		Debug|x86 = Debug|x86
		Release|x64 = Release|x64
		Release|x86 = Release|x86
	EndGlobalSection
	GlobalSection(ProjectConfigurationPlatforms) = postSolution
		{B8D7E7B9-2EFC-46F4-A64B-36AD131280A6}.Debug|x64.ActiveCfg = Debug|x64
		{B8D7E7B9-2EFC-46F4-A64B-36AD131280A6}.Debug|x64.Build.0 = Debug|x64
		{B8D7E7B9-2EFC-46F4-A64B-36AD131280A6}.Debug|x86.ActiveCfg = Debug|Win32
		{B8D7E7B9-2EFC-46F4-A64B-36AD131280A6}.Debug|x86.Build.0 = Debug|Win32
		{B8D7E7B9-2EFC-46F4-A64B-36AD131280A6}.Release|x64.ActiveCfg = Release|x64
		{B8D7E7B9-2EFC-46F4-A64B-36AD131280A6}.Release|x64.Build.0 = Release|x64
		{B8D7E7B9-2EFC-46F4-A64B-36AD131280A6}.Release|x86.ActiveCfg = Release|Win32
		{B8D7E7B9-2EFC-46F4-A64B-36AD131280A6}.Release|x86.Build.0 = Release|Win32
		{A62AB043-4265-4BD1-A9C5-792C741CA83A}.Debug|x64.ActiveCfg = Debug|x64
		{A62AB043-4265-4BD1-A9C5-792C741CA83A}.Debug|x64.Build.0 = Debug|x64
		{A62AB043-4265-4BD1-A9C5-792C741CA83A}.Debug|x86.ActiveCfg = Debug|Win32
		{A62AB043-4265-4BD1-A9C5-792C741CA83A}.Debug|x86.Build.0 = Debug|Win32
		{A62AB043-4265-4BD1-A9C5-792C741CA83A}.Release|x64.ActiveCfg = Release|x64
		{A62AB043-4265-4BD1-A9C5-792C741CA83A}.Release|x64.Build.0 = Release|x64
		{A62AB043-4265-4BD1-A9C5-792C741CA83A}.Release|x86.ActiveCfg = Release|Win32
		{A62AB043-4265-4BD1-A9C5-792C741CA83A}.Release|x86.Build.0 = Release|Win32
		{8F267B62-D343-4F8C-88FF-6855472849D6}.Debug|x64.ActiveCfg = Debug|x64
		{8F267B62-D343-4F8C-88FF-6855472849D6}.Debug|x64.Build.0 = Debug|x64
		{8F267B62-D343-4F8C-88FF-6855472849D6}.Debug|x86.ActiveCfg = Debug|Win32
		{8F267B62-D343-4F8C-88FF-6855472849D6}.Debug|x86.Build.0 = Debug|Win32
		{8F267B62-D343-4F8C-88FF-6855472849D6}.Release|x64.ActiveCfg = Release|x64
		{8F267B62-D343-4F8C-88FF-6855472849D6}.Release|x64.Build.0 = Release|x64
		{8F267B62-D343-4F8C-88FF-6855472849D6}.Release|x86.ActiveCfg = Release|Win32
		{8F267B62-D343-4F8C-88FF-6855472849D6}.Release|x86.Build.0 = Release|Win32
		{5CBE2C45-3574-4798-82EC-F4F577B58500}.Debug|x64.ActiveCfg = Debug|x64
		{5CBE2C45-3574-4798-82EC-F4F577B58500}.Debug|x64.Build.0 = Debug|x64
		{5CBE2C45-3574-4798-82EC-F4F577B58500}.Debug|x86.ActiveCfg = Debug|Win32
		{5CBE2C45-3574-4798-82EC-F4F577B58500}.Debug|x86.Build.0 = Debug|Win32
		{5CBE2C45-3574-4798-82EC-F4F577B58500}.Release|x64.ActiveCfg = Release|x64
		{5CBE2C45-3574-4798-82EC-F4F577B58500}.Release|x64.Build.0 = Release|x64
		{5CBE2C45-3574-4798-82EC-F4F577B58500}.Release|x86.ActiveCfg = Release|Win32
		{5CBE2C45-3574-4798-82EC-F4F577B58500}.Release|x86.Build.0 = Release|Win32
		{D9572D9A-1316-4A97-A2D1-84D8294A57A8}.Debug|x64.ActiveCfg = Debug|x64
		{D9572D9A-1316-4A97-A2D1-84D8294A57A8}.Debug|x64.Build.0 = Debug|x64
		{D9572D9A-1316-4A97-A2D1-84D8294A57A8}.Debug|x86.ActiveCfg = Debug|Win32
		{D9572D9A-1316-4A97-A2D1-84D8294A57A8}.Debug|x86.Build.0 = Debug|Win32
		{D9572D9A-1316-4A97-A2D1-84D8294A57A8}.Release|x64.ActiveCfg = Release|x64
		{D9572D9A-1316-4A97-A2D1-84D8294A57A8}.Release|x64.Build.0 = Release|x64
		{D9572D9A-1316-4A97-A2D1-84D8294A57A8}.Release|x86.ActiveCfg = Release|Win32
		{D9572D9A-1316-4A97-A2D1-84D8294A57A8}.Release|x86.Build.0 = Release|Win32
		{A1928F69-FD39-4A22-92B4-3D5B740D1677}.Debug|x64.ActiveCfg = Debug|x64
		{A1928F69-FD39-4A22-92B4-3D5B740D1677}.Debug|x64.Build.0 = Debug|x64
		{A1928F69-FD39-4A22-92B4-3D5B740D1677}.Debug|x86.ActiveCfg = Debug|Win32
		{A1928F69-FD39-4A22-92B4-3D5B740D1677}.Debug|x86.Build.0 = Debug|Win32
		{A1928F69-FD39-4A22-92B4-3D5B740D1677}.Release|x64.ActiveCfg = Release|x64
		{A1928F69-FD39-4A22-92B4-3D5B740D1677}.Release|x64.Build.0 = Release|x64
		{A1928F69-FD39-4A22-92B4-3D5B740D1677}.Release|x86.ActiveCfg = Release|Win32
		{A1928F69-FD39-4A22-92B4-3D5B740D1677}.Release|x86.Build.0 = Release|Win32
		{3CDE3957-EFD6-4E8E-A76C-363D586E38C1}.Debug|x64.ActiveCfg = Debug|x64
		{3CDE3957-EFD6-4E8E-A76C-363D586E38C1}.Debug|x64.Build.0 = Debug|x64
		{3CDE3957-EFD6-4E8E-A76C-363D586E38C1}.Debug|x86.ActiveCfg = Debug|Win32
		{3CDE3957-EFD6-4E8E-A76C-363D586E38C1}.Debug|x86.Build.0 = Debug|Win32
		{3CDE3957-EFD6-4E8E-A76C-363D586E38C1}.Release|x64.ActiveCfg = Release|x64
		{3CDE3957-EFD6-4E8E-A76C-363D586E38C1}.Release|x64.Build.0 = Release|x64
		{3CDE3957-EFD6-4E8E-A76C-363D586E38C1}.Release|x86.ActiveCfg = Release|Win32
		{3CDE3957-EFD6-4E8E-A76C-363D586E38C1}.Release|x86.Build.0 = Release|Win32
		{39E16649-D86E-4682-9673-46F37B648F40}.Debug|x64.ActiveCfg = Debug|x64
		{39E16649-D86E-4682-9673-46F37B648F40}.Debug|x64.Build.0 = Debug|x64
		{39E16649-D86E-4682-9673-46F37B648F40}.Debug|x86.ActiveCfg = Debug|Win32
		{39E16649-D86E-4682-9673-46F37B648F40}.Debug|x86.Build.0 = Debug|Win32
		{39E16649-D86E-4682-9673-46F37B648F40}.Release|x64.ActiveCfg = Release|x64
		{39E16649-D86E-4682-9673-46F37B648F40}.Release|x64.Build.0 = Release|x64
		{39E16649-D86E-4682-9673-46F37B648F40}.Release|x86.ActiveCfg = Release|Win32
		{39E16649-D86E-4682-9673-46F37B648F40}.Release|x86.Build.0 = Release|Win32
		{390F4535-6B46-4FAE-9B11-B44D57328D47}.Debug|x64.ActiveCfg = Debug|x64
		{390F4535-6B46-4FAE-9B11-B44D57328D47}.Debug|x64.Build.0 = Debug|x64
		{390F4535-6B46-4FAE-9B11-B44D57328D47}.Debug|x86.ActiveCfg = Debug|Win32
		{390F4535-6B46-4FAE-9B11-B44D57328D47}.Debug|x86.Build.0 = Debug|Win32
		{390F4535-6B46-4FAE-9B11-B44D57328D47}.Release|x64.ActiveCfg = Release|x64
		{390F4535-6B46-4FAE-9B11-B44D57328D47}.Release|x64.Build.0 = Release|x64
		{390F4535-6B46-4FAE-9B11-B44D57328D47}.Release|x86.ActiveCfg = Release|Win32
		{390F4535-6B46-4FAE-9B11-B44D57328D47}.Release|x86.Build.0 = Release|Win32
		{939F9E39-4F8A-4E0E-A2B4-4823FD84B0B2}.Debug|x64.ActiveCfg = Debug|x64
		{939F9E39-4F8A-4E0E-A2B4-4823FD84B0B2}.Debug|x64.Build.0 = Debug|x64
		{939F9E39-4F8A-4E0E-A2B4-4823FD84B0B2}.Debug|x86.ActiveCfg = Debug|Win32
		{939F9E39-4F8A-4E0E-A2B4-4823FD84B0B2}.Debug|x86.Build.0 = Debug|Win32
		{939F9E39-4F8A-4E0E-A2B4-4823FD84B0B2}.Release|x64.ActiveCfg = Release|x64
		{939F9E39-4F8A-4E0E-A2B4-4823FD84B0B2}.Release|x64.Build.0 = Release|x64
		{939F9E39-4F8A-4E0E-A2B4-4823FD84B0B2}.Release|x86.ActiveCfg = Release|Win32
		{939F9E39-4F8A-4E0E-A2B4-4823FD84B0B2}.Release|x86.Build.0 = Release|Win32
		{FEF067FE-F8AA-48F1-96BD-424F9172C2D1}.Debug|x64.ActiveCfg = Debug|x64
		{FEF067FE-F8AA-48F1-96BD-424F9172C2D1}.Debug|x64.Build.0 = Debug|x64
		{FEF067FE-F8AA-48F1-96BD-424F9172C2D1}.Debug|x86.ActiveCfg = Debug|Win32
		{FEF067FE-F8AA-48F1-96BD-424F9172C2D1}.Debug|x86.Build.0 = Debug|Win32
		{FEF067FE-F8AA-48F1-96BD-424F9172C2D1}.Release|x64.ActiveCfg = Release|x64
		{FEF067FE-F8AA-48F1-96BD-424F9172C2D1}.Release|x64.Build.0 = Release|x64
		{FEF067FE-F8AA-48F1-96BD-424F9172C2D1}.Release|x86.ActiveCfg = Release|Win32
		{FEF067FE-F8AA-48F1-96BD-424F9172C2D1}.Release|x86.Build.0 = Release|Win32
		{ED02845A-19B8-427B-B074-A578AEF07353}.Debug|x64.ActiveCfg = Debug|x64
		{ED02845A-19B8-427B-B074-A578AEF07353}.Debug|x64.Build.0 = Debug|x64
		{ED02845A-19B8-427B-B074-A578AEF07353}.Debug|x86.ActiveCfg = Debug|Win32
		{ED02845A-19B8-427B-B074-A578AEF07353}.Debug|x86.Build.0 = Debug|Win32
		{ED02845A-19B8-427B-B074-A578AEF07353}.Release|x64.ActiveCfg = Release|x64
		{ED02845A-19B8-427B-B074-A578AEF07353}.Release|x64.Build.0 = Release|x64
		{ED02845A-19B8-427B-B074-A578AEF07353}.Release|x86.ActiveCfg = Release|Win32
		{ED02845A-19B8-427B-B074-A578AEF07353}.Release|x86.Build.0 = Release|Win32
		{E2C6D38C-6BAF-4553-9DEB-37D34EA8374F}.Debug|x64.ActiveCfg = Debug|x64
		{E2C6D38C-6BAF-4553-9DEB-37D34EA8374F}.Debug|x64.Build.0 = Debug|x64
		{E2C6D38C-6BAF-4553-9DEB-37D34EA8374F}.Debug|x86.ActiveCfg = Debug|Win32
		{E2C6D38C-6BAF-4553-9DEB-37D34EA8374F}.Debug|x86.Build.0 = Debug|Win32
		{E2C6D38C-6BAF-4553-9DEB-37D34EA8374F}.Release|x64.ActiveCfg = Release|x64
		{E2C6D38C-6BAF-4553-9DEB-37D34EA8374F}.Release|x64.Build.0 = Release|x64
		{E2C6D38C-6BAF-4553-9DEB-37D34EA8374F}.Release|x86.ActiveCfg = Release|Win32
		{E2C6D38C-6BAF-4553-9DEB-37D34EA8374F}.Release|x86.Build.0 = Release|Win32
		{28B7A76E-2FD1-4E97-8173-296C33D98B0A}.Debug|x64.ActiveCfg = Debug|x64
		{28B7A76E-2FD1-4E97-8173-296C33D98B0A}.Debug|x64.Build.0 = Debug|x64
		{28B7A76E-2FD1-4E97-8173-296C33D98B0A}.Debug|x86.ActiveCfg = Debug|Win32
		{28B7A76E-2FD1-4E97-8173-296C33D98B0A}.Debug|x86.Build.0 = Debug|Win32
		{28B7A76E-2FD1-4E97-8173-296C33D98B0A}.Release|x64.ActiveCfg = Release|x64
		{28B7A76E-2FD1-4E97-8173-296C33D98B0A}.Release|x64.Build.0 = Release|x64
		{28B7A76E-2FD1-4E97-8173-296C33D98B0A}.Release|x86.ActiveCfg = Release|Win32
		{28B7A76E-2FD1-4E97-8173-296C33D98B0A}.Release|x86.Build.0 = Release|Win32
		{AAD44FB9-3921-4D64-9E84-1007D1EFC9F0}.Debug|x64.ActiveCfg = Debug|x64
		{AAD44FB9-3921-4D64-9E84-1007D1EFC9F0}.Debug|x64.Build.0 = Debug|x64
		{AAD44FB9-3921-4D64-9E84-1007D1EFC9F0}.Debug|x86.ActiveCfg = Debug|Win32
		{AAD44FB9-3921-4D64-9E84-1007D1EFC9F0}.Debug|x86.Build.0 = Debug|Win32
		{AAD44FB9-3921-4D64-9E84-1007D1EFC9F0}.Release|x64.ActiveCfg = Release|x64
		{AAD44FB9-3921-4D64-9E84-1007D1EFC9F0}.Release|x64.Build.0 = Release|x64
		{AAD44FB9-3921-4D64-9E84-1007D1EFC9F0}.Release|x86.ActiveCfg = Release|Win32
		{AAD44FB9-3921-4D64-9E84-1007D1EFC9F0}.Release|x86.Build.0 = Release|Win32
		{2501E686-D661-4E99-A826-7720F4322EBC}.Debug|x64.ActiveCfg = Debug|x64
		{2501E686-D661-4E99-A826-7720F4322EBC}.Debug|x64.Build.0 = Debug|x64
		{2501E686-D661-4E99-A826-7720F4322EBC}.Debug|x86.ActiveCfg = Debug|Win32
		{2501E686-D661-4E99-A826-7720F4322EBC}.Debug|x86.Build.0 = Debug|Win32
		{2501E686-D661-4E99-A826-7720F4322EBC}.Release|x64.ActiveCfg = Release|x64
		{2501E686-D661-4E99-A826-7720F4322EBC}.Release|x64.Build.0 = Release|x64
		{2501E686-D661-4E99-A826-7720F4322EBC}.Release|x86.ActiveCfg = Release|Win32
		{2501E686-D661-4E99-A826-7720F4322EBC}.Release|x86.Build.0 = Release|Win32
	EndGlobalSection
	GlobalSection(SolutionProperties) = preSolution
		HideSolutionNode = FALSE
	EndGlobalSection
	GlobalSection(ExtensibilityGlobals) = postSolution
		SolutionGuid = {623E3FA6-C789-4823-840B-C316013942AB}
	EndGlobalSection
EndGlobal
